{
  "name": "git-format",
  "version": "1.0.0",
  "lockfileVersion": 3,
  "requires": true,
  "packages": {
    "": {
      "name": "git-format",
      "version": "1.0.0",
      "license": "MIT",
      "bin": {
        "gf": "bin/cli.js",
        "git-format": "bin/cli.js"
      },
      "engines": {
        "node": ">=16.0.0"
      }
    }
  }
}
